
Microsoft Visual Studio Solution File, Format Version 12.00
# Visual Studio Version 17
VisualStudioVersion = 17.4.33205.214
MinimumVisualStudioVersion = 10.0.40219.1
Project("{2150E333-8FDC-42A3-9474-1A3956D46DE8}") = "src", "src", "{2A60668B-26DC-40AC-9ACF-7FDA2464BAD4}"
EndProject
Project("{2150E333-8FDC-42A3-9474-1A3956D46DE8}") = "tests", "tests", "{2E2D8352-6698-477C-9552-0E3F48380952}"
EndProject
Project("{9A19103F-16F7-4668-BE54-9A1E7A4F7556}") = "Movie.Catalog.UnitTests", "tests\FC.Codeflix.Catalog\Movie.Catalog.UnitTests.csproj", "{1B92193C-C79C-42DE-8CA2-624DC11A9BB8}"
EndProject
Project("{FAE04EC0-301F-11D3-BF4B-00C04F79EFBC}") = "Movie.Catalog.Domain", "src\FC.Codeflix.Catalog.Domain\Movie.Catalog.Domain.csproj", "{7AAB3341-37A5-4593-8400-5200667BCC65}"
EndProject
Global
	GlobalSection(SolutionConfigurationPlatforms) = preSolution
		Debug|Any CPU = Debug|Any CPU
		Release|Any CPU = Release|Any CPU
	EndGlobalSection
	GlobalSection(ProjectConfigurationPlatforms) = postSolution
		{1B92193C-C79C-42DE-8CA2-624DC11A9BB8}.Debug|Any CPU.ActiveCfg = Debug|Any CPU
		{1B92193C-C79C-42DE-8CA2-624DC11A9BB8}.Debug|Any CPU.Build.0 = Debug|Any CPU
		{1B92193C-C79C-42DE-8CA2-624DC11A9BB8}.Release|Any CPU.ActiveCfg = Release|Any CPU
		{1B92193C-C79C-42DE-8CA2-624DC11A9BB8}.Release|Any CPU.Build.0 = Release|Any CPU
		{7AAB3341-37A5-4593-8400-5200667BCC65}.Debug|Any CPU.ActiveCfg = Debug|Any CPU
		{7AAB3341-37A5-4593-8400-5200667BCC65}.Debug|Any CPU.Build.0 = Debug|Any CPU
		{7AAB3341-37A5-4593-8400-5200667BCC65}.Release|Any CPU.ActiveCfg = Release|Any CPU
		{7AAB3341-37A5-4593-8400-5200667BCC65}.Release|Any CPU.Build.0 = Release|Any CPU
	EndGlobalSection
	GlobalSection(SolutionProperties) = preSolution
		HideSolutionNode = FALSE
	EndGlobalSection
	GlobalSection(NestedProjects) = preSolution
		{1B92193C-C79C-42DE-8CA2-624DC11A9BB8} = {2E2D8352-6698-477C-9552-0E3F48380952}
		{7AAB3341-37A5-4593-8400-5200667BCC65} = {2A60668B-26DC-40AC-9ACF-7FDA2464BAD4}
	EndGlobalSection
	GlobalSection(ExtensibilityGlobals) = postSolution
		SolutionGuid = {36A3671B-4FAB-4799-AF18-2F784572C56C}
	EndGlobalSection
EndGlobal
